{
  "version": "4",
  "specifiers": {
    "jsr:@std/assert@1": "1.0.11",
    "jsr:@std/internal@^1.0.5": "1.0.5",
    "npm:base32-decode@1": "1.0.0",
    "npm:base32-encode@2": "2.0.0",
    "npm:loro-crdt@^1.4.6": "1.4.6"
  },
  "jsr": {
    "@std/assert@1.0.11": {
      "integrity": "2461ef3c368fe88bc60e186e7744a93112f16fd110022e113a0849e94d1c83c1",
      "dependencies": [
        "jsr:@std/internal"
      ]
    },
    "@std/internal@1.0.5": {
      "integrity": "54a546004f769c1ac9e025abd15a76b6671ddc9687e2313b67376125650dc7ba"
    }
  },
  "npm": {
    "base32-decode@1.0.0": {
      "integrity": "sha512-KNWUX/R7wKenwE/G/qFMzGScOgVntOmbE27vvc6GrniDGYb6a5+qWcuoXl8WIOQL7q0TpK7nZDm1Y04Yi3Yn5g=="
    },
    "base32-encode@2.0.0": {
      "integrity": "sha512-mlmkfc2WqdDtMl/id4qm3A7RjW6jxcbAoMjdRmsPiwQP0ufD4oXItYMnPgVHe80lnAIy+1xwzhHE1s4FoIceSw==",
      "dependencies": [
        "to-data-view"
      ]
    },
    "loro-crdt@1.4.6": {
      "integrity": "sha512-9YvKzoNE1CpDR/DNSUMolaSkhXdHnChP8uVkfORE3iREKOILUc5OZNipMMMhsnHQesL8HxM8D+2Z3vdXlV48Ew=="
    },
    "to-data-view@2.0.0": {
      "integrity": "sha512-RGEM5KqlPHr+WVTPmGNAXNeFEmsBnlkxXaIfEpUYV0AST2Z5W1EGq9L/MENFrMMmL2WQr1wjkmZy/M92eKhjYA=="
    }
  },
  "workspace": {
    "packageJson": {
      "dependencies": [
        "npm:base32-decode@1",
        "npm:base32-encode@2",
        "npm:loro-crdt@^1.4.6"
      ]
    }
  }
}
